
Microsoft Visual Studio Solution File, Format Version 12.00
# Visual Studio 15
VisualStudioVersion = 15.0.26124.0
MinimumVisualStudioVersion = 15.0.26124.0
Project("{FAE04EC0-301F-11D3-BF4B-00C04F79EFBC}") = "Web.Api", "Web.Api\Web.Api.csproj", "{D51BB110-4BAC-4FB0-9733-8CDEC89A8A4A}"
EndProject
Project("{FAE04EC0-301F-11D3-BF4B-00C04F79EFBC}") = "Web.Api.Services", "Web.Api.Services\Web.Api.Services.csproj", "{7D9F26ED-1393-4590-A8FF-983A59E8E299}"
EndProject
Project("{FAE04EC0-301F-11D3-BF4B-00C04F79EFBC}") = "Web.Api.Database", "Web.Api.Database\Web.Api.Database.csproj", "{3A48A802-405F-4148-A8BB-5D30EA692FF1}"
EndProject
Global
	GlobalSection(SolutionConfigurationPlatforms) = preSolution
		Debug|Any CPU = Debug|Any CPU
		Debug|x64 = Debug|x64
		Debug|x86 = Debug|x86
		Release|Any CPU = Release|Any CPU
		Release|x64 = Release|x64
		Release|x86 = Release|x86
	EndGlobalSection
	GlobalSection(SolutionProperties) = preSolution
		HideSolutionNode = FALSE
	EndGlobalSection
	GlobalSection(ProjectConfigurationPlatforms) = postSolution
		{D51BB110-4BAC-4FB0-9733-8CDEC89A8A4A}.Debug|Any CPU.ActiveCfg = Debug|Any CPU
		{D51BB110-4BAC-4FB0-9733-8CDEC89A8A4A}.Debug|Any CPU.Build.0 = Debug|Any CPU
		{D51BB110-4BAC-4FB0-9733-8CDEC89A8A4A}.Debug|x64.ActiveCfg = Debug|Any CPU
		{D51BB110-4BAC-4FB0-9733-8CDEC89A8A4A}.Debug|x64.Build.0 = Debug|Any CPU
		{D51BB110-4BAC-4FB0-9733-8CDEC89A8A4A}.Debug|x86.ActiveCfg = Debug|Any CPU
		{D51BB110-4BAC-4FB0-9733-8CDEC89A8A4A}.Debug|x86.Build.0 = Debug|Any CPU
		{D51BB110-4BAC-4FB0-9733-8CDEC89A8A4A}.Release|Any CPU.ActiveCfg = Release|Any CPU
		{D51BB110-4BAC-4FB0-9733-8CDEC89A8A4A}.Release|Any CPU.Build.0 = Release|Any CPU
		{D51BB110-4BAC-4FB0-9733-8CDEC89A8A4A}.Release|x64.ActiveCfg = Release|Any CPU
		{D51BB110-4BAC-4FB0-9733-8CDEC89A8A4A}.Release|x64.Build.0 = Release|Any CPU
		{D51BB110-4BAC-4FB0-9733-8CDEC89A8A4A}.Release|x86.ActiveCfg = Release|Any CPU
		{D51BB110-4BAC-4FB0-9733-8CDEC89A8A4A}.Release|x86.Build.0 = Release|Any CPU
		{7D9F26ED-1393-4590-A8FF-983A59E8E299}.Debug|Any CPU.ActiveCfg = Debug|Any CPU
		{7D9F26ED-1393-4590-A8FF-983A59E8E299}.Debug|Any CPU.Build.0 = Debug|Any CPU
		{7D9F26ED-1393-4590-A8FF-983A59E8E299}.Debug|x64.ActiveCfg = Debug|Any CPU
		{7D9F26ED-1393-4590-A8FF-983A59E8E299}.Debug|x64.Build.0 = Debug|Any CPU
		{7D9F26ED-1393-4590-A8FF-983A59E8E299}.Debug|x86.ActiveCfg = Debug|Any CPU
		{7D9F26ED-1393-4590-A8FF-983A59E8E299}.Debug|x86.Build.0 = Debug|Any CPU
		{7D9F26ED-1393-4590-A8FF-983A59E8E299}.Release|Any CPU.ActiveCfg = Release|Any CPU
		{7D9F26ED-1393-4590-A8FF-983A59E8E299}.Release|Any CPU.Build.0 = Release|Any CPU
		{7D9F26ED-1393-4590-A8FF-983A59E8E299}.Release|x64.ActiveCfg = Release|Any CPU
		{7D9F26ED-1393-4590-A8FF-983A59E8E299}.Release|x64.Build.0 = Release|Any CPU
		{7D9F26ED-1393-4590-A8FF-983A59E8E299}.Release|x86.ActiveCfg = Release|Any CPU
		{7D9F26ED-1393-4590-A8FF-983A59E8E299}.Release|x86.Build.0 = Release|Any CPU
		{3A48A802-405F-4148-A8BB-5D30EA692FF1}.Debug|Any CPU.ActiveCfg = Debug|Any CPU
		{3A48A802-405F-4148-A8BB-5D30EA692FF1}.Debug|Any CPU.Build.0 = Debug|Any CPU
		{3A48A802-405F-4148-A8BB-5D30EA692FF1}.Debug|x64.ActiveCfg = Debug|Any CPU
		{3A48A802-405F-4148-A8BB-5D30EA692FF1}.Debug|x64.Build.0 = Debug|Any CPU
		{3A48A802-405F-4148-A8BB-5D30EA692FF1}.Debug|x86.ActiveCfg = Debug|Any CPU
		{3A48A802-405F-4148-A8BB-5D30EA692FF1}.Debug|x86.Build.0 = Debug|Any CPU
		{3A48A802-405F-4148-A8BB-5D30EA692FF1}.Release|Any CPU.ActiveCfg = Release|Any CPU
		{3A48A802-405F-4148-A8BB-5D30EA692FF1}.Release|Any CPU.Build.0 = Release|Any CPU
		{3A48A802-405F-4148-A8BB-5D30EA692FF1}.Release|x64.ActiveCfg = Release|Any CPU
		{3A48A802-405F-4148-A8BB-5D30EA692FF1}.Release|x64.Build.0 = Release|Any CPU
		{3A48A802-405F-4148-A8BB-5D30EA692FF1}.Release|x86.ActiveCfg = Release|Any CPU
		{3A48A802-405F-4148-A8BB-5D30EA692FF1}.Release|x86.Build.0 = Release|Any CPU
	EndGlobalSection
EndGlobal
